Microsoft Visual Studio Solution File, Format Version 12.00
# Visual Studio Version 17
VisualStudioVersion = 17.5.2.0
MinimumVisualStudioVersion = 10.0.40219.1
Project("{2150E333-8FDC-42A3-9474-1A3956D46DE8}") = "spr", "spr", "{9BA7E1FF-A26A-3600-F346-5508D4F4E80F}"
EndProject
Project("{FAE04EC0-301F-11D3-BF4B-00C04F79EFBC}") = "SprGame", "spr\SprGame.csproj", "{8E575914-6C5F-DED0-1744-ED43B62D2493}"
EndProject
Global
	GlobalSection(SolutionConfigurationPlatforms) = preSolution
		Debug|Any CPU = Debug|Any CPU
		Release|Any CPU = Release|Any CPU
	EndGlobalSection
	GlobalSection(ProjectConfigurationPlatforms) = postSolution
		{8E575914-6C5F-DED0-1744-ED43B62D2493}.Debug|Any CPU.ActiveCfg = Debug|Any CPU
		{8E575914-6C5F-DED0-1744-ED43B62D2493}.Debug|Any CPU.Build.0 = Debug|Any CPU
		{8E575914-6C5F-DED0-1744-ED43B62D2493}.Release|Any CPU.ActiveCfg = Release|Any CPU
		{8E575914-6C5F-DED0-1744-ED43B62D2493}.Release|Any CPU.Build.0 = Release|Any CPU
	EndGlobalSection
	GlobalSection(SolutionProperties) = preSolution
		HideSolutionNode = FALSE
	EndGlobalSection
	GlobalSection(NestedProjects) = preSolution
		{8E575914-6C5F-DED0-1744-ED43B62D2493} = {9BA7E1FF-A26A-3600-F346-5508D4F4E80F}
	EndGlobalSection
	GlobalSection(ExtensibilityGlobals) = postSolution
		SolutionGuid = {255F6E24-21E6-409A-9F5D-74C182388FD7}
	EndGlobalSection
EndGlobal
